# DO NOT EDIT MANUALLY - Managed by Fern Replay
version: "1.0"
generations:
  - commit_sha: 18cf5f9f53aa7fd4a2968ad3f0eebcfbd3320682
    tree_hash: bd9ed0ef9c7caeba7bcc51f764ad7ca7a5c6c39e
    timestamp: 2026-07-26T22:50:09.249Z
    cli_version: unknown
    generator_versions: {}
  - commit_sha: 076f5f6e98f51e9868926b92162909504c208f35
    tree_hash: b4cd9388505eec0d8ec658d3aa0cb851ae9f1537
    timestamp: 2026-07-26T22:50:09.480Z
    cli_version: unknown
    generator_versions:
      fernapi/fern-typescript-sdk: 3.83.2
  - commit_sha: 880cce5797f86251ecf564d8ff1f66c119028e15
    tree_hash: 008a123dd85de6d05952bf5ccb0f54eb5017bb58
    timestamp: 2026-07-27T00:40:11.310Z
    cli_version: unknown
    generator_versions:
      fernapi/fern-typescript-sdk: 3.83.2
  - commit_sha: 0fa4b8d99d77d429857804784df018558b0aa433
    tree_hash: f328996e5df280302e7025c33f35dc43091c1020
    timestamp: 2026-09-11T17:15:49.130Z
    cli_version: unknown
    generator_versions:
      fernapi/fern-typescript-sdk: 3.91.0
current_generation: 0fa4b8d99d77d429857804784df018558b0aa433
patches: []
